
Microsoft Visual Studio Solution File, Format Version 12.00
# Visual Studio Version 17
VisualStudioVersion = 17.3.32929.385
MinimumVisualStudioVersion = 10.0.40219.1
Project("{9A19103F-16F7-4668-BE54-9A1E7A4F7556}") = "Polimer.App", "Polimer\Polimer.App.csproj", "{0C07158A-D6D5-425E-ABB6-12FD052AAFFD}"
EndProject
Project("{9A19103F-16F7-4668-BE54-9A1E7A4F7556}") = "Polimer.Data", "..\Data\Polimer.Data.csproj", "{14918B3C-D611-444E-88FE-AEDFC4498180}"
EndProject
Global
	GlobalSection(SolutionConfigurationPlatforms) = preSolution
		Debug|Any CPU = Debug|Any CPU
		Release|Any CPU = Release|Any CPU
	EndGlobalSection
	GlobalSection(ProjectConfigurationPlatforms) = postSolution
		{0C07158A-D6D5-425E-ABB6-12FD052AAFFD}.Debug|Any CPU.ActiveCfg = Debug|Any CPU
		{0C07158A-D6D5-425E-ABB6-12FD052AAFFD}.Debug|Any CPU.Build.0 = Debug|Any CPU
		{0C07158A-D6D5-425E-ABB6-12FD052AAFFD}.Release|Any CPU.ActiveCfg = Release|Any CPU
		{0C07158A-D6D5-425E-ABB6-12FD052AAFFD}.Release|Any CPU.Build.0 = Release|Any CPU
		{14918B3C-D611-444E-88FE-AEDFC4498180}.Debug|Any CPU.ActiveCfg = Debug|Any CPU
		{14918B3C-D611-444E-88FE-AEDFC4498180}.Debug|Any CPU.Build.0 = Debug|Any CPU
		{14918B3C-D611-444E-88FE-AEDFC4498180}.Release|Any CPU.ActiveCfg = Release|Any CPU
		{14918B3C-D611-444E-88FE-AEDFC4498180}.Release|Any CPU.Build.0 = Release|Any CPU
	EndGlobalSection
	GlobalSection(SolutionProperties) = preSolution
		HideSolutionNode = FALSE
	EndGlobalSection
	GlobalSection(ExtensibilityGlobals) = postSolution
		SolutionGuid = {AC9C9999-1000-4BE4-93F8-68AF1CD80F4F}
	EndGlobalSection
EndGlobal
